{
  "name": "xn--mrovingiens-bbb.fr",
  "version": "1.0.0",
  "lockfileVersion": 3,
  "requires": true,
  "packages": {
    "": {
      "name": "xn--mrovingiens-bbb.fr",
      "version": "1.0.0",
      "dependencies": {
        "generator.js": "git+https://github.com/dahoum/generator.js.git"
      }
    },
    "node_modules/generator.js": {
      "version": "1.0.0",
      "resolved": "git+ssh://git@github.com/dahoum/generator.js.git#109de2d7749b83ca46f6cc52fa2eed46cba3209e"
    }
  }
}
